<?xml version="1.0" encoding="UTF-8" standalone="yes" ?>
<CodeBlocks_project_file>
	<FileVersion major="1" minor="6" />
	<Project>
		<Option title="nnmerge" />
		<Option pch_mode="2" />
		<Option compiler="gcc" />
		<Build>
			<Target title="Debug">
				<Option output="bin/Debug/nnmerge" prefix_auto="1" extension_auto="1" />
				<Option object_output="obj/Debug/" />
				<Option type="1" />
				<Option compiler="gcc" />
				<Compiler>
					<Add option="-g" />
				</Compiler>
			</Target>
			<Target title="Release">
				<Option output="bin/Release/nnmerge" prefix_auto="1" extension_auto="1" />
				<Option object_output="obj/Release/" />
				<Option type="1" />
				<Option compiler="gcc" />
				<Compiler>
					<Add option="-O2" />
					<Add option="-std=c++11" />
					<Add directory="/usr/local/opt/boost1.58/include/" />
				</Compiler>
				<Linker>
					<Add option="-s" />
					<Add option="-lboost_timer" />
					<Add option="-lboost_system" />
				</Linker>
			</Target>
		</Build>
		<Compiler>
			<Add option="-Wall" />
			<Add option="-fexceptions" />
		</Compiler>
		<Unit filename="abstractgraph.cpp" />
		<Unit filename="abstractgraph.h" />
		<Unit filename="abstractmerge.cpp" />
		<Unit filename="abstractmerge.h" />
		<Unit filename="cleaner.cpp" />
		<Unit filename="cleaner.h" />
		<Unit filename="distopt.cpp" />
		<Unit filename="distopt.h" />
		<Unit filename="evaluator.cpp" />
		<Unit filename="evaluator.h" />
		<Unit filename="gvetex.h" />
		<Unit filename="iodelegator.cpp" />
		<Unit filename="iodelegator.h" />
		<Unit filename="jmerge.cpp" />
		<Unit filename="jmerge.h" />
		<Unit filename="kgraph.cpp" />
		<Unit filename="kgraph.h" />
		<Unit filename="lynndescent.cpp" />
		<Unit filename="lynndescent.h" />
		<Unit filename="lysearch.cpp" />
		<Unit filename="lysearch.h" />
		<Unit filename="main.cpp" />
		<Unit filename="nnitem.h" />
		<Unit filename="params.h" />
		<Unit filename="pvetex.h" />
		<Unit filename="rtpair.h" />
		<Unit filename="scriptparser.cpp" />
		<Unit filename="scriptparser.h" />
		<Unit filename="smerge.cpp" />
		<Unit filename="smerge.h" />
		<Unit filename="space_lp.h" />
		<Unit filename="timer.cpp" />
		<Unit filename="timer.h" />
		<Unit filename="vmath.cpp" />
		<Unit filename="vmath.h" />
		<Unit filename="vstring.cpp" />
		<Unit filename="vstring.h" />
		<Extensions>
			<envvars />
			<code_completion />
			<debugger />
			<lib_finder disable_auto="1" />
		</Extensions>
	</Project>
</CodeBlocks_project_file>
